
Microsoft Visual Studio Solution File, Format Version 12.00
# Visual Studio Version 16
VisualStudioVersion = 16.0.32228.343
MinimumVisualStudioVersion = 10.0.40219.1
Project("{FAE04EC0-301F-11D3-BF4B-00C04F79EFBC}") = "Nagybead", "Nagybead.csproj", "{1386542E-0DB9-4B00-8511-F0DD40B9423E}"
EndProject
Global
	GlobalSection(SolutionConfigurationPlatforms) = preSolution
		Debug|Any CPU = Debug|Any CPU
		Release|Any CPU = Release|Any CPU
	EndGlobalSection
	GlobalSection(ProjectConfigurationPlatforms) = postSolution
		{1386542E-0DB9-4B00-8511-F0DD40B9423E}.Debug|Any CPU.ActiveCfg = Debug|Any CPU
		{1386542E-0DB9-4B00-8511-F0DD40B9423E}.Debug|Any CPU.Build.0 = Debug|Any CPU
		{1386542E-0DB9-4B00-8511-F0DD40B9423E}.Release|Any CPU.ActiveCfg = Release|Any CPU
		{1386542E-0DB9-4B00-8511-F0DD40B9423E}.Release|Any CPU.Build.0 = Release|Any CPU
	EndGlobalSection
	GlobalSection(SolutionProperties) = preSolution
		HideSolutionNode = FALSE
	EndGlobalSection
	GlobalSection(ExtensibilityGlobals) = postSolution
		SolutionGuid = {1EFC17E2-1055-4FC1-84C2-9F6C81A2129F}
	EndGlobalSection
EndGlobal
